# THIS IS AN AUTOGENERATED FILE. DO NOT EDIT THIS FILE DIRECTLY.
# yarn lockfile v1


vue-global-events@^1.1.2:
  version "1.1.2"
  resolved "https://registry.yarnpkg.com/vue-global-events/-/vue-global-events-1.1.2.tgz#aae6e221d095ab6fc82ce5d3a40ba3b9ebdfaab7"
  integrity sha512-iZv/IBUNzVkwN+OraP6bxvcy/yld3snrfK8M5np5afAstFEPMj78xj+slereYycNQ7/W+pdYkSDKoK7hjT5BPw==
